
Microsoft Visual Studio Solution File, Format Version 12.00
# Visual Studio Version 16
VisualStudioVersion = 16.0.32126.315
MinimumVisualStudioVersion = 10.0.40219.1
Project("{FAE04EC0-301F-11D3-BF4B-00C04F79EFBC}") = "SkateShop.WebMVC", "SkateShop\SkateShop.WebMVC.csproj", "{354477C0-1BE0-4233-8CC4-7394AB9402E3}"
EndProject
Project("{FAE04EC0-301F-11D3-BF4B-00C04F79EFBC}") = "SkateShop.Data", "SkateShop.Data\SkateShop.Data.csproj", "{F4B09275-A639-4552-B4B8-99226CEE4295}"
EndProject
Project("{FAE04EC0-301F-11D3-BF4B-00C04F79EFBC}") = "SkateShop.Models", "SkateShop.Models\SkateShop.Models.csproj", "{76F02CBE-C2BC-4B28-A7EF-B8E439FA883E}"
EndProject
Project("{FAE04EC0-301F-11D3-BF4B-00C04F79EFBC}") = "SkateShop.Services", "SkateShop.Services\SkateShop.Services.csproj", "{D4FD8B91-7C5E-4F67-BC1B-30D1A81BB111}"
EndProject
Global
	GlobalSection(SolutionConfigurationPlatforms) = preSolution
		Debug|Any CPU = Debug|Any CPU
		Release|Any CPU = Release|Any CPU
	EndGlobalSection
	GlobalSection(ProjectConfigurationPlatforms) = postSolution
		{354477C0-1BE0-4233-8CC4-7394AB9402E3}.Debug|Any CPU.ActiveCfg = Debug|Any CPU
		{354477C0-1BE0-4233-8CC4-7394AB9402E3}.Debug|Any CPU.Build.0 = Debug|Any CPU
		{354477C0-1BE0-4233-8CC4-7394AB9402E3}.Release|Any CPU.ActiveCfg = Release|Any CPU
		{354477C0-1BE0-4233-8CC4-7394AB9402E3}.Release|Any CPU.Build.0 = Release|Any CPU
		{F4B09275-A639-4552-B4B8-99226CEE4295}.Debug|Any CPU.ActiveCfg = Debug|Any CPU
		{F4B09275-A639-4552-B4B8-99226CEE4295}.Debug|Any CPU.Build.0 = Debug|Any CPU
		{F4B09275-A639-4552-B4B8-99226CEE4295}.Release|Any CPU.ActiveCfg = Release|Any CPU
		{F4B09275-A639-4552-B4B8-99226CEE4295}.Release|Any CPU.Build.0 = Release|Any CPU
		{76F02CBE-C2BC-4B28-A7EF-B8E439FA883E}.Debug|Any CPU.ActiveCfg = Debug|Any CPU
		{76F02CBE-C2BC-4B28-A7EF-B8E439FA883E}.Debug|Any CPU.Build.0 = Debug|Any CPU
		{76F02CBE-C2BC-4B28-A7EF-B8E439FA883E}.Release|Any CPU.ActiveCfg = Release|Any CPU
		{76F02CBE-C2BC-4B28-A7EF-B8E439FA883E}.Release|Any CPU.Build.0 = Release|Any CPU
		{D4FD8B91-7C5E-4F67-BC1B-30D1A81BB111}.Debug|Any CPU.ActiveCfg = Debug|Any CPU
		{D4FD8B91-7C5E-4F67-BC1B-30D1A81BB111}.Debug|Any CPU.Build.0 = Debug|Any CPU
		{D4FD8B91-7C5E-4F67-BC1B-30D1A81BB111}.Release|Any CPU.ActiveCfg = Release|Any CPU
		{D4FD8B91-7C5E-4F67-BC1B-30D1A81BB111}.Release|Any CPU.Build.0 = Release|Any CPU
	EndGlobalSection
	GlobalSection(SolutionProperties) = preSolution
		HideSolutionNode = FALSE
	EndGlobalSection
	GlobalSection(ExtensibilityGlobals) = postSolution
		SolutionGuid = {AC19EE14-3AF8-44B0-A72B-E260C3372145}
	EndGlobalSection
EndGlobal
